
Microsoft Visual Studio Solution File, Format Version 12.00
# Visual Studio 15
VisualStudioVersion = 15.0.27130.2027
MinimumVisualStudioVersion = 10.0.40219.1
Project("{FAE04EC0-301F-11D3-BF4B-00C04F79EFBC}") = "UrbanCoder", "UrbanCoder.csproj", "{5173C4E5-37FA-4B83-A18C-7747D6ACE21A}"
EndProject
Global
	GlobalSection(SolutionConfigurationPlatforms) = preSolution
		Debug|Any CPU = Debug|Any CPU
		Release|Any CPU = Release|Any CPU
	EndGlobalSection
	GlobalSection(ProjectConfigurationPlatforms) = postSolution
		{5173C4E5-37FA-4B83-A18C-7747D6ACE21A}.Debug|Any CPU.ActiveCfg = Debug|Any CPU
		{5173C4E5-37FA-4B83-A18C-7747D6ACE21A}.Debug|Any CPU.Build.0 = Debug|Any CPU
		{5173C4E5-37FA-4B83-A18C-7747D6ACE21A}.Release|Any CPU.ActiveCfg = Release|Any CPU
		{5173C4E5-37FA-4B83-A18C-7747D6ACE21A}.Release|Any CPU.Build.0 = Release|Any CPU
	EndGlobalSection
	GlobalSection(SolutionProperties) = preSolution
		HideSolutionNode = FALSE
	EndGlobalSection
	GlobalSection(ExtensibilityGlobals) = postSolution
		SolutionGuid = {C866143B-0D16-4950-B70D-55EC4F99000C}
	EndGlobalSection
EndGlobal
